
Microsoft Visual Studio Solution File, Format Version 12.00
# Visual Studio 15
VisualStudioVersion = 15.0.27004.2006
MinimumVisualStudioVersion = 10.0.40219.1
Project("{FAE04EC0-301F-11D3-BF4B-00C04F79EFBC}") = "vodTimeControl", "vodTimeControl\vodTimeControl.csproj", "{53B67F3B-25E1-40DA-AC5F-9B8FC756434C}"
EndProject
Global
	GlobalSection(SolutionConfigurationPlatforms) = preSolution
		Debug|Any CPU = Debug|Any CPU
		Release|Any CPU = Release|Any CPU
	EndGlobalSection
	GlobalSection(ProjectConfigurationPlatforms) = postSolution
		{53B67F3B-25E1-40DA-AC5F-9B8FC756434C}.Debug|Any CPU.ActiveCfg = Debug|Any CPU
		{53B67F3B-25E1-40DA-AC5F-9B8FC756434C}.Debug|Any CPU.Build.0 = Debug|Any CPU
		{53B67F3B-25E1-40DA-AC5F-9B8FC756434C}.Release|Any CPU.ActiveCfg = Release|Any CPU
		{53B67F3B-25E1-40DA-AC5F-9B8FC756434C}.Release|Any CPU.Build.0 = Release|Any CPU
	EndGlobalSection
	GlobalSection(SolutionProperties) = preSolution
		HideSolutionNode = FALSE
	EndGlobalSection
	GlobalSection(ExtensibilityGlobals) = postSolution
		SolutionGuid = {744F9AB6-F5C0-4191-BCA5-9857353A33AD}
	EndGlobalSection
EndGlobal
